
Microsoft Visual Studio Solution File, Format Version 12.00
# Visual Studio Version 17
VisualStudioVersion = 17.10.35013.160
MinimumVisualStudioVersion = 10.0.40219.1
Project("{FAE04EC0-301F-11D3-BF4B-00C04F79EFBC}") = "SalesManagement_SysDev", "SalesManagement_SysDev\SalesManagement_SysDev.csproj", "{2D4A5E14-A774-4894-8CCE-B80EB384F833}"
EndProject
Global
	GlobalSection(SolutionConfigurationPlatforms) = preSolution
		Debug|Any CPU = Debug|Any CPU
		Release|Any CPU = Release|Any CPU
	EndGlobalSection
	GlobalSection(ProjectConfigurationPlatforms) = postSolution
		{2D4A5E14-A774-4894-8CCE-B80EB384F833}.Debug|Any CPU.ActiveCfg = Debug|Any CPU
		{2D4A5E14-A774-4894-8CCE-B80EB384F833}.Debug|Any CPU.Build.0 = Debug|Any CPU
		{2D4A5E14-A774-4894-8CCE-B80EB384F833}.Release|Any CPU.ActiveCfg = Release|Any CPU
		{2D4A5E14-A774-4894-8CCE-B80EB384F833}.Release|Any CPU.Build.0 = Release|Any CPU
	EndGlobalSection
	GlobalSection(SolutionProperties) = preSolution
		HideSolutionNode = FALSE
	EndGlobalSection
	GlobalSection(ExtensibilityGlobals) = postSolution
		SolutionGuid = {F74E25EC-CD03-484E-B3BA-5E6060A9B090}
	EndGlobalSection
EndGlobal
